
Microsoft Visual Studio Solution File, Format Version 12.00
# Visual Studio 14
VisualStudioVersion = 14.0.25420.1
MinimumVisualStudioVersion = 10.0.40219.1
Project("{FAE04EC0-301F-11D3-BF4B-00C04F79EFBC}") = "Xamarin_Git", "Xamarin Git\Xamarin_Git\Xamarin_Git.csproj", "{96048C5D-CA10-41A5-8284-C5958F529900}"
EndProject
Project("{FAE04EC0-301F-11D3-BF4B-00C04F79EFBC}") = "Xamarin_Git.Droid", "Xamarin Git\Xamarin_Git.Droid\Xamarin_Git.Droid.csproj", "{1F1D1FAA-959C-44D2-ABBD-78956C11BC9A}"
EndProject
Project("{FAE04EC0-301F-11D3-BF4B-00C04F79EFBC}") = "Xamarin_Git.iOS", "Xamarin Git\Xamarin_Git.iOS\Xamarin_Git.iOS.csproj", "{78AE4F2E-0E07-462C-ADF0-B38DF3D1330C}"
EndProject
Global
	GlobalSection(SolutionConfigurationPlatforms) = preSolution
		Ad-Hoc|Any CPU = Ad-Hoc|Any CPU
		Ad-Hoc|iPhone = Ad-Hoc|iPhone
		Ad-Hoc|iPhoneSimulator = Ad-Hoc|iPhoneSimulator
		AppStore|Any CPU = AppStore|Any CPU
		AppStore|iPhone = AppStore|iPhone
		AppStore|iPhoneSimulator = AppStore|iPhoneSimulator
		Debug|Any CPU = Debug|Any CPU
		Debug|iPhone = Debug|iPhone
		Debug|iPhoneSimulator = Debug|iPhoneSimulator
		Release|Any CPU = Release|Any CPU
		Release|iPhone = Release|iPhone
		Release|iPhoneSimulator = Release|iPhoneSimulator
	EndGlobalSection
	GlobalSection(ProjectConfigurationPlatforms) = postSolution
		{96048C5D-CA10-41A5-8284-C5958F529900}.Ad-Hoc|Any CPU.ActiveCfg = Release|Any CPU
		{96048C5D-CA10-41A5-8284-C5958F529900}.Ad-Hoc|Any CPU.Build.0 = Release|Any CPU
		{96048C5D-CA10-41A5-8284-C5958F529900}.Ad-Hoc|iPhone.ActiveCfg = Release|Any CPU
		{96048C5D-CA10-41A5-8284-C5958F529900}.Ad-Hoc|iPhone.Build.0 = Release|Any CPU
		{96048C5D-CA10-41A5-8284-C5958F529900}.Ad-Hoc|iPhoneSimulator.ActiveCfg = Release|Any CPU
		{96048C5D-CA10-41A5-8284-C5958F529900}.Ad-Hoc|iPhoneSimulator.Build.0 = Release|Any CPU
		{96048C5D-CA10-41A5-8284-C5958F529900}.AppStore|Any CPU.ActiveCfg = Release|Any CPU
		{96048C5D-CA10-41A5-8284-C5958F529900}.AppStore|Any CPU.Build.0 = Release|Any CPU
		{96048C5D-CA10-41A5-8284-C5958F529900}.AppStore|iPhone.ActiveCfg = Release|Any CPU
		{96048C5D-CA10-41A5-8284-C5958F529900}.AppStore|iPhone.Build.0 = Release|Any CPU
		{96048C5D-CA10-41A5-8284-C5958F529900}.AppStore|iPhoneSimulator.ActiveCfg = Release|Any CPU
		{96048C5D-CA10-41A5-8284-C5958F529900}.AppStore|iPhoneSimulator.Build.0 = Release|Any CPU
		{96048C5D-CA10-41A5-8284-C5958F529900}.Debug|Any CPU.ActiveCfg = Debug|Any CPU
		{96048C5D-CA10-41A5-8284-C5958F529900}.Debug|Any CPU.Build.0 = Debug|Any CPU
		{96048C5D-CA10-41A5-8284-C5958F529900}.Debug|iPhone.ActiveCfg = Debug|Any CPU
		{96048C5D-CA10-41A5-8284-C5958F529900}.Debug|iPhone.Build.0 = Debug|Any CPU
		{96048C5D-CA10-41A5-8284-C5958F529900}.Debug|iPhoneSimulator.ActiveCfg = Debug|Any CPU
		{96048C5D-CA10-41A5-8284-C5958F529900}.Debug|iPhoneSimulator.Build.0 = Debug|Any CPU
		{96048C5D-CA10-41A5-8284-C5958F529900}.Release|Any CPU.ActiveCfg = Release|Any CPU
		{96048C5D-CA10-41A5-8284-C5958F529900}.Release|Any CPU.Build.0 = Release|Any CPU
		{96048C5D-CA10-41A5-8284-C5958F529900}.Release|iPhone.ActiveCfg = Release|Any CPU
		{96048C5D-CA10-41A5-8284-C5958F529900}.Release|iPhone.Build.0 = Release|Any CPU
		{96048C5D-CA10-41A5-8284-C5958F529900}.Release|iPhoneSimulator.ActiveCfg = Release|Any CPU
		{96048C5D-CA10-41A5-8284-C5958F529900}.Release|iPhoneSimulator.Build.0 = Release|Any CPU
		{1F1D1FAA-959C-44D2-ABBD-78956C11BC9A}.Ad-Hoc|Any CPU.ActiveCfg = Release|Any CPU
		{1F1D1FAA-959C-44D2-ABBD-78956C11BC9A}.Ad-Hoc|Any CPU.Build.0 = Release|Any CPU
		{1F1D1FAA-959C-44D2-ABBD-78956C11BC9A}.Ad-Hoc|Any CPU.Deploy.0 = Release|Any CPU
		{1F1D1FAA-959C-44D2-ABBD-78956C11BC9A}.Ad-Hoc|iPhone.ActiveCfg = Release|Any CPU
		{1F1D1FAA-959C-44D2-ABBD-78956C11BC9A}.Ad-Hoc|iPhone.Build.0 = Release|Any CPU
		{1F1D1FAA-959C-44D2-ABBD-78956C11BC9A}.Ad-Hoc|iPhone.Deploy.0 = Release|Any CPU
		{1F1D1FAA-959C-44D2-ABBD-78956C11BC9A}.Ad-Hoc|iPhoneSimulator.ActiveCfg = Release|Any CPU
		{1F1D1FAA-959C-44D2-ABBD-78956C11BC9A}.Ad-Hoc|iPhoneSimulator.Build.0 = Release|Any CPU
		{1F1D1FAA-959C-44D2-ABBD-78956C11BC9A}.Ad-Hoc|iPhoneSimulator.Deploy.0 = Release|Any CPU
		{1F1D1FAA-959C-44D2-ABBD-78956C11BC9A}.AppStore|Any CPU.ActiveCfg = Release|Any CPU
		{1F1D1FAA-959C-44D2-ABBD-78956C11BC9A}.AppStore|Any CPU.Build.0 = Release|Any CPU
		{1F1D1FAA-959C-44D2-ABBD-78956C11BC9A}.AppStore|Any CPU.Deploy.0 = Release|Any CPU
		{1F1D1FAA-959C-44D2-ABBD-78956C11BC9A}.AppStore|iPhone.ActiveCfg = Release|Any CPU
		{1F1D1FAA-959C-44D2-ABBD-78956C11BC9A}.AppStore|iPhone.Build.0 = Release|Any CPU
		{1F1D1FAA-959C-44D2-ABBD-78956C11BC9A}.AppStore|iPhone.Deploy.0 = Release|Any CPU
		{1F1D1FAA-959C-44D2-ABBD-78956C11BC9A}.AppStore|iPhoneSimulator.ActiveCfg = Release|Any CPU
		{1F1D1FAA-959C-44D2-ABBD-78956C11BC9A}.AppStore|iPhoneSimulator.Build.0 = Release|Any CPU
		{1F1D1FAA-959C-44D2-ABBD-78956C11BC9A}.AppStore|iPhoneSimulator.Deploy.0 = Release|Any CPU
		{1F1D1FAA-959C-44D2-ABBD-78956C11BC9A}.Debug|Any CPU.ActiveCfg = Debug|Any CPU
		{1F1D1FAA-959C-44D2-ABBD-78956C11BC9A}.Debug|Any CPU.Build.0 = Debug|Any CPU
		{1F1D1FAA-959C-44D2-ABBD-78956C11BC9A}.Debug|Any CPU.Deploy.0 = Debug|Any CPU
		{1F1D1FAA-959C-44D2-ABBD-78956C11BC9A}.Debug|iPhone.ActiveCfg = Debug|Any CPU
		{1F1D1FAA-959C-44D2-ABBD-78956C11BC9A}.Debug|iPhone.Build.0 = Debug|Any CPU
		{1F1D1FAA-959C-44D2-ABBD-78956C11BC9A}.Debug|iPhone.Deploy.0 = Debug|Any CPU
		{1F1D1FAA-959C-44D2-ABBD-78956C11BC9A}.Debug|iPhoneSimulator.ActiveCfg = Debug|Any CPU
		{1F1D1FAA-959C-44D2-ABBD-78956C11BC9A}.Debug|iPhoneSimulator.Build.0 = Debug|Any CPU
		{1F1D1FAA-959C-44D2-ABBD-78956C11BC9A}.Debug|iPhoneSimulator.Deploy.0 = Debug|Any CPU
		{1F1D1FAA-959C-44D2-ABBD-78956C11BC9A}.Release|Any CPU.ActiveCfg = Release|Any CPU
		{1F1D1FAA-959C-44D2-ABBD-78956C11BC9A}.Release|Any CPU.Build.0 = Release|Any CPU
		{1F1D1FAA-959C-44D2-ABBD-78956C11BC9A}.Release|Any CPU.Deploy.0 = Release|Any CPU
		{1F1D1FAA-959C-44D2-ABBD-78956C11BC9A}.Release|iPhone.ActiveCfg = Release|Any CPU
		{1F1D1FAA-959C-44D2-ABBD-78956C11BC9A}.Release|iPhone.Build.0 = Release|Any CPU
		{1F1D1FAA-959C-44D2-ABBD-78956C11BC9A}.Release|iPhone.Deploy.0 = Release|Any CPU
		{1F1D1FAA-959C-44D2-ABBD-78956C11BC9A}.Release|iPhoneSimulator.ActiveCfg = Release|Any CPU
		{1F1D1FAA-959C-44D2-ABBD-78956C11BC9A}.Release|iPhoneSimulator.Build.0 = Release|Any CPU
		{1F1D1FAA-959C-44D2-ABBD-78956C11BC9A}.Release|iPhoneSimulator.Deploy.0 = Release|Any CPU
		{78AE4F2E-0E07-462C-ADF0-B38DF3D1330C}.Ad-Hoc|Any CPU.ActiveCfg = Ad-Hoc|iPhone
		{78AE4F2E-0E07-462C-ADF0-B38DF3D1330C}.Ad-Hoc|iPhone.ActiveCfg = Ad-Hoc|iPhone
		{78AE4F2E-0E07-462C-ADF0-B38DF3D1330C}.Ad-Hoc|iPhone.Build.0 = Ad-Hoc|iPhone
		{78AE4F2E-0E07-462C-ADF0-B38DF3D1330C}.Ad-Hoc|iPhoneSimulator.ActiveCfg = Ad-Hoc|iPhoneSimulator
		{78AE4F2E-0E07-462C-ADF0-B38DF3D1330C}.Ad-Hoc|iPhoneSimulator.Build.0 = Ad-Hoc|iPhoneSimulator
		{78AE4F2E-0E07-462C-ADF0-B38DF3D1330C}.AppStore|Any CPU.ActiveCfg = AppStore|iPhone
		{78AE4F2E-0E07-462C-ADF0-B38DF3D1330C}.AppStore|iPhone.ActiveCfg = AppStore|iPhone
		{78AE4F2E-0E07-462C-ADF0-B38DF3D1330C}.AppStore|iPhone.Build.0 = AppStore|iPhone
		{78AE4F2E-0E07-462C-ADF0-B38DF3D1330C}.AppStore|iPhoneSimulator.ActiveCfg = AppStore|iPhoneSimulator
		{78AE4F2E-0E07-462C-ADF0-B38DF3D1330C}.AppStore|iPhoneSimulator.Build.0 = AppStore|iPhoneSimulator
		{78AE4F2E-0E07-462C-ADF0-B38DF3D1330C}.Debug|Any CPU.ActiveCfg = Debug|iPhone
		{78AE4F2E-0E07-462C-ADF0-B38DF3D1330C}.Debug|iPhone.ActiveCfg = Debug|iPhone
		{78AE4F2E-0E07-462C-ADF0-B38DF3D1330C}.Debug|iPhone.Build.0 = Debug|iPhone
		{78AE4F2E-0E07-462C-ADF0-B38DF3D1330C}.Debug|iPhoneSimulator.ActiveCfg = Debug|iPhoneSimulator
		{78AE4F2E-0E07-462C-ADF0-B38DF3D1330C}.Debug|iPhoneSimulator.Build.0 = Debug|iPhoneSimulator
		{78AE4F2E-0E07-462C-ADF0-B38DF3D1330C}.Release|Any CPU.ActiveCfg = Release|iPhone
		{78AE4F2E-0E07-462C-ADF0-B38DF3D1330C}.Release|iPhone.ActiveCfg = Release|iPhone
		{78AE4F2E-0E07-462C-ADF0-B38DF3D1330C}.Release|iPhone.Build.0 = Release|iPhone
		{78AE4F2E-0E07-462C-ADF0-B38DF3D1330C}.Release|iPhoneSimulator.ActiveCfg = Release|iPhoneSimulator
		{78AE4F2E-0E07-462C-ADF0-B38DF3D1330C}.Release|iPhoneSimulator.Build.0 = Release|iPhoneSimulator
	EndGlobalSection
	GlobalSection(SolutionProperties) = preSolution
		HideSolutionNode = FALSE
	EndGlobalSection
EndGlobal
